
Microsoft Visual Studio Solution File, Format Version 12.00
# Visual Studio Version 16
VisualStudioVersion = 16.0.29215.179
MinimumVisualStudioVersion = 15.0.26124.0
Project("{9A19103F-16F7-4668-BE54-9A1E7A4F7556}") = "RetroLauncher", "RetroLauncher\RetroLauncher.csproj", "{1C885497-03EA-49DE-B161-130AD1E3DCFC}"
EndProject
Project("{9A19103F-16F7-4668-BE54-9A1E7A4F7556}") = "RetroLauncher.Data", "RetroLauncher.Data\RetroLauncher.Data.csproj", "{F9115301-C4AA-446C-A12C-7BD867304A2C}"
EndProject
Project("{9A19103F-16F7-4668-BE54-9A1E7A4F7556}") = "RetroLauncher.WebApi", "RetroLauncher.WebApi\RetroLauncher.WebApi.csproj", "{0AD17735-E803-42BD-BFB0-459B797C1C36}"
EndProject
Project("{9A19103F-16F7-4668-BE54-9A1E7A4F7556}") = "SevenZipExtractor", "SevenZipExtractor\SevenZipExtractor.csproj", "{B64B990F-18DE-48A2-854D-D4860E95A7BF}"
EndProject
Project("{2150E333-8FDC-42A3-9474-1A3956D46DE8}") = "Core", "Core", "{2DFF8283-2D64-4DA5-8FC6-6390EC592F17}"
EndProject
Project("{FAE04EC0-301F-11D3-BF4B-00C04F79EFBC}") = "RetroLauncher.DAL", "Core\RetroLauncher.DAL\RetroLauncher.DAL.csproj", "{B352B655-0A40-4F8A-B3ED-AB7A8D274187}"
EndProject
Project("{FAE04EC0-301F-11D3-BF4B-00C04F79EFBC}") = "RetroLauncher.DesktopClient", "RetroLauncher.DesktopClient\RetroLauncher.DesktopClient.csproj", "{FDDFD40B-C15D-4879-980E-953BE7D9F9EA}"
EndProject
Project("{FAE04EC0-301F-11D3-BF4B-00C04F79EFBC}") = "RetroLauncher.Common", "Core\RetroLauncher.Common\RetroLauncher.Common.csproj", "{31EBDE33-DE5B-4A3F-9C8A-D4A68AD4326E}"
EndProject
Global
	GlobalSection(SolutionConfigurationPlatforms) = preSolution
		Debug|Any CPU = Debug|Any CPU
		Debug|x64 = Debug|x64
		Debug|x86 = Debug|x86
		Release|Any CPU = Release|Any CPU
		Release|x64 = Release|x64
		Release|x86 = Release|x86
	EndGlobalSection
	GlobalSection(ProjectConfigurationPlatforms) = postSolution
		{1C885497-03EA-49DE-B161-130AD1E3DCFC}.Debug|Any CPU.ActiveCfg = Debug|Any CPU
		{1C885497-03EA-49DE-B161-130AD1E3DCFC}.Debug|Any CPU.Build.0 = Debug|Any CPU
		{1C885497-03EA-49DE-B161-130AD1E3DCFC}.Debug|x64.ActiveCfg = Debug|Any CPU
		{1C885497-03EA-49DE-B161-130AD1E3DCFC}.Debug|x64.Build.0 = Debug|Any CPU
		{1C885497-03EA-49DE-B161-130AD1E3DCFC}.Debug|x86.ActiveCfg = Debug|Any CPU
		{1C885497-03EA-49DE-B161-130AD1E3DCFC}.Debug|x86.Build.0 = Debug|Any CPU
		{1C885497-03EA-49DE-B161-130AD1E3DCFC}.Release|Any CPU.ActiveCfg = Release|Any CPU
		{1C885497-03EA-49DE-B161-130AD1E3DCFC}.Release|Any CPU.Build.0 = Release|Any CPU
		{1C885497-03EA-49DE-B161-130AD1E3DCFC}.Release|x64.ActiveCfg = Release|Any CPU
		{1C885497-03EA-49DE-B161-130AD1E3DCFC}.Release|x64.Build.0 = Release|Any CPU
		{1C885497-03EA-49DE-B161-130AD1E3DCFC}.Release|x86.ActiveCfg = Release|Any CPU
		{1C885497-03EA-49DE-B161-130AD1E3DCFC}.Release|x86.Build.0 = Release|Any CPU
		{F9115301-C4AA-446C-A12C-7BD867304A2C}.Debug|Any CPU.ActiveCfg = Debug|Any CPU
		{F9115301-C4AA-446C-A12C-7BD867304A2C}.Debug|Any CPU.Build.0 = Debug|Any CPU
		{F9115301-C4AA-446C-A12C-7BD867304A2C}.Debug|x64.ActiveCfg = Debug|Any CPU
		{F9115301-C4AA-446C-A12C-7BD867304A2C}.Debug|x64.Build.0 = Debug|Any CPU
		{F9115301-C4AA-446C-A12C-7BD867304A2C}.Debug|x86.ActiveCfg = Debug|Any CPU
		{F9115301-C4AA-446C-A12C-7BD867304A2C}.Debug|x86.Build.0 = Debug|Any CPU
		{F9115301-C4AA-446C-A12C-7BD867304A2C}.Release|Any CPU.ActiveCfg = Release|Any CPU
		{F9115301-C4AA-446C-A12C-7BD867304A2C}.Release|Any CPU.Build.0 = Release|Any CPU
		{F9115301-C4AA-446C-A12C-7BD867304A2C}.Release|x64.ActiveCfg = Release|Any CPU
		{F9115301-C4AA-446C-A12C-7BD867304A2C}.Release|x64.Build.0 = Release|Any CPU
		{F9115301-C4AA-446C-A12C-7BD867304A2C}.Release|x86.ActiveCfg = Release|Any CPU
		{F9115301-C4AA-446C-A12C-7BD867304A2C}.Release|x86.Build.0 = Release|Any CPU
		{0AD17735-E803-42BD-BFB0-459B797C1C36}.Debug|Any CPU.ActiveCfg = Debug|Any CPU
		{0AD17735-E803-42BD-BFB0-459B797C1C36}.Debug|Any CPU.Build.0 = Debug|Any CPU
		{0AD17735-E803-42BD-BFB0-459B797C1C36}.Debug|x64.ActiveCfg = Debug|Any CPU
		{0AD17735-E803-42BD-BFB0-459B797C1C36}.Debug|x64.Build.0 = Debug|Any CPU
		{0AD17735-E803-42BD-BFB0-459B797C1C36}.Debug|x86.ActiveCfg = Debug|Any CPU
		{0AD17735-E803-42BD-BFB0-459B797C1C36}.Debug|x86.Build.0 = Debug|Any CPU
		{0AD17735-E803-42BD-BFB0-459B797C1C36}.Release|Any CPU.ActiveCfg = Release|Any CPU
		{0AD17735-E803-42BD-BFB0-459B797C1C36}.Release|Any CPU.Build.0 = Release|Any CPU
		{0AD17735-E803-42BD-BFB0-459B797C1C36}.Release|x64.ActiveCfg = Release|Any CPU
		{0AD17735-E803-42BD-BFB0-459B797C1C36}.Release|x64.Build.0 = Release|Any CPU
		{0AD17735-E803-42BD-BFB0-459B797C1C36}.Release|x86.ActiveCfg = Release|Any CPU
		{0AD17735-E803-42BD-BFB0-459B797C1C36}.Release|x86.Build.0 = Release|Any CPU
		{B64B990F-18DE-48A2-854D-D4860E95A7BF}.Debug|Any CPU.ActiveCfg = Debug|Any CPU
		{B64B990F-18DE-48A2-854D-D4860E95A7BF}.Debug|Any CPU.Build.0 = Debug|Any CPU
		{B64B990F-18DE-48A2-854D-D4860E95A7BF}.Debug|x64.ActiveCfg = Debug|Any CPU
		{B64B990F-18DE-48A2-854D-D4860E95A7BF}.Debug|x64.Build.0 = Debug|Any CPU
		{B64B990F-18DE-48A2-854D-D4860E95A7BF}.Debug|x86.ActiveCfg = Debug|Any CPU
		{B64B990F-18DE-48A2-854D-D4860E95A7BF}.Debug|x86.Build.0 = Debug|Any CPU
		{B64B990F-18DE-48A2-854D-D4860E95A7BF}.Release|Any CPU.ActiveCfg = Release|Any CPU
		{B64B990F-18DE-48A2-854D-D4860E95A7BF}.Release|Any CPU.Build.0 = Release|Any CPU
		{B64B990F-18DE-48A2-854D-D4860E95A7BF}.Release|x64.ActiveCfg = Release|Any CPU
		{B64B990F-18DE-48A2-854D-D4860E95A7BF}.Release|x64.Build.0 = Release|Any CPU
		{B64B990F-18DE-48A2-854D-D4860E95A7BF}.Release|x86.ActiveCfg = Release|Any CPU
		{B64B990F-18DE-48A2-854D-D4860E95A7BF}.Release|x86.Build.0 = Release|Any CPU
		{B352B655-0A40-4F8A-B3ED-AB7A8D274187}.Debug|Any CPU.ActiveCfg = Debug|Any CPU
		{B352B655-0A40-4F8A-B3ED-AB7A8D274187}.Debug|Any CPU.Build.0 = Debug|Any CPU
		{B352B655-0A40-4F8A-B3ED-AB7A8D274187}.Debug|x64.ActiveCfg = Debug|Any CPU
		{B352B655-0A40-4F8A-B3ED-AB7A8D274187}.Debug|x64.Build.0 = Debug|Any CPU
		{B352B655-0A40-4F8A-B3ED-AB7A8D274187}.Debug|x86.ActiveCfg = Debug|Any CPU
		{B352B655-0A40-4F8A-B3ED-AB7A8D274187}.Debug|x86.Build.0 = Debug|Any CPU
		{B352B655-0A40-4F8A-B3ED-AB7A8D274187}.Release|Any CPU.ActiveCfg = Release|Any CPU
		{B352B655-0A40-4F8A-B3ED-AB7A8D274187}.Release|Any CPU.Build.0 = Release|Any CPU
		{B352B655-0A40-4F8A-B3ED-AB7A8D274187}.Release|x64.ActiveCfg = Release|Any CPU
		{B352B655-0A40-4F8A-B3ED-AB7A8D274187}.Release|x64.Build.0 = Release|Any CPU
		{B352B655-0A40-4F8A-B3ED-AB7A8D274187}.Release|x86.ActiveCfg = Release|Any CPU
		{B352B655-0A40-4F8A-B3ED-AB7A8D274187}.Release|x86.Build.0 = Release|Any CPU
		{FDDFD40B-C15D-4879-980E-953BE7D9F9EA}.Debug|Any CPU.ActiveCfg = Debug|Any CPU
		{FDDFD40B-C15D-4879-980E-953BE7D9F9EA}.Debug|Any CPU.Build.0 = Debug|Any CPU
		{FDDFD40B-C15D-4879-980E-953BE7D9F9EA}.Debug|x64.ActiveCfg = Debug|Any CPU
		{FDDFD40B-C15D-4879-980E-953BE7D9F9EA}.Debug|x64.Build.0 = Debug|Any CPU
		{FDDFD40B-C15D-4879-980E-953BE7D9F9EA}.Debug|x86.ActiveCfg = Debug|Any CPU
		{FDDFD40B-C15D-4879-980E-953BE7D9F9EA}.Debug|x86.Build.0 = Debug|Any CPU
		{FDDFD40B-C15D-4879-980E-953BE7D9F9EA}.Release|Any CPU.ActiveCfg = Release|Any CPU
		{FDDFD40B-C15D-4879-980E-953BE7D9F9EA}.Release|Any CPU.Build.0 = Release|Any CPU
		{FDDFD40B-C15D-4879-980E-953BE7D9F9EA}.Release|x64.ActiveCfg = Release|Any CPU
		{FDDFD40B-C15D-4879-980E-953BE7D9F9EA}.Release|x64.Build.0 = Release|Any CPU
		{FDDFD40B-C15D-4879-980E-953BE7D9F9EA}.Release|x86.ActiveCfg = Release|Any CPU
		{FDDFD40B-C15D-4879-980E-953BE7D9F9EA}.Release|x86.Build.0 = Release|Any CPU
		{31EBDE33-DE5B-4A3F-9C8A-D4A68AD4326E}.Debug|Any CPU.ActiveCfg = Debug|Any CPU
		{31EBDE33-DE5B-4A3F-9C8A-D4A68AD4326E}.Debug|Any CPU.Build.0 = Debug|Any CPU
		{31EBDE33-DE5B-4A3F-9C8A-D4A68AD4326E}.Debug|x64.ActiveCfg = Debug|Any CPU
		{31EBDE33-DE5B-4A3F-9C8A-D4A68AD4326E}.Debug|x64.Build.0 = Debug|Any CPU
		{31EBDE33-DE5B-4A3F-9C8A-D4A68AD4326E}.Debug|x86.ActiveCfg = Debug|Any CPU
		{31EBDE33-DE5B-4A3F-9C8A-D4A68AD4326E}.Debug|x86.Build.0 = Debug|Any CPU
		{31EBDE33-DE5B-4A3F-9C8A-D4A68AD4326E}.Release|Any CPU.ActiveCfg = Release|Any CPU
		{31EBDE33-DE5B-4A3F-9C8A-D4A68AD4326E}.Release|Any CPU.Build.0 = Release|Any CPU
		{31EBDE33-DE5B-4A3F-9C8A-D4A68AD4326E}.Release|x64.ActiveCfg = Release|Any CPU
		{31EBDE33-DE5B-4A3F-9C8A-D4A68AD4326E}.Release|x64.Build.0 = Release|Any CPU
		{31EBDE33-DE5B-4A3F-9C8A-D4A68AD4326E}.Release|x86.ActiveCfg = Release|Any CPU
		{31EBDE33-DE5B-4A3F-9C8A-D4A68AD4326E}.Release|x86.Build.0 = Release|Any CPU
	EndGlobalSection
	GlobalSection(SolutionProperties) = preSolution
		HideSolutionNode = FALSE
	EndGlobalSection
	GlobalSection(NestedProjects) = preSolution
		{B352B655-0A40-4F8A-B3ED-AB7A8D274187} = {2DFF8283-2D64-4DA5-8FC6-6390EC592F17}
		{31EBDE33-DE5B-4A3F-9C8A-D4A68AD4326E} = {2DFF8283-2D64-4DA5-8FC6-6390EC592F17}
	EndGlobalSection
	GlobalSection(ExtensibilityGlobals) = postSolution
		SolutionGuid = {662D845B-A282-4228-A4A3-30A97E1AFD86}
	EndGlobalSection
EndGlobal
