
Microsoft Visual Studio Solution File, Format Version 12.00
# Visual Studio Version 16
VisualStudioVersion = 16.0.29215.179
MinimumVisualStudioVersion = 15.0.26124.0
Project("{9A19103F-16F7-4668-BE54-9A1E7A4F7556}") = "RetroLauncher", "RetroLauncher\RetroLauncher.csproj", "{1C885497-03EA-49DE-B161-130AD1E3DCFC}"
EndProject
Project("{9A19103F-16F7-4668-BE54-9A1E7A4F7556}") = "RetroLauncher.Data", "RetroLauncher.Data\RetroLauncher.Data.csproj", "{F9115301-C4AA-446C-A12C-7BD867304A2C}"
EndProject
Project("{FAE04EC0-301F-11D3-BF4B-00C04F79EFBC}") = "RetroLauncher.WebApi", "RetroLauncher.WebApi\RetroLauncher.WebApi.csproj", "{0AD17735-E803-42BD-BFB0-459B797C1C36}"
EndProject
Global
	GlobalSection(SolutionConfigurationPlatforms) = preSolution
		Debug|Any CPU = Debug|Any CPU
		Debug|x64 = Debug|x64
		Debug|x86 = Debug|x86
		Release|Any CPU = Release|Any CPU
		Release|x64 = Release|x64
		Release|x86 = Release|x86
	EndGlobalSection
	GlobalSection(ProjectConfigurationPlatforms) = postSolution
		{1C885497-03EA-49DE-B161-130AD1E3DCFC}.Debug|Any CPU.ActiveCfg = Debug|Any CPU
		{1C885497-03EA-49DE-B161-130AD1E3DCFC}.Debug|Any CPU.Build.0 = Debug|Any CPU
		{1C885497-03EA-49DE-B161-130AD1E3DCFC}.Debug|x64.ActiveCfg = Debug|Any CPU
		{1C885497-03EA-49DE-B161-130AD1E3DCFC}.Debug|x64.Build.0 = Debug|Any CPU
		{1C885497-03EA-49DE-B161-130AD1E3DCFC}.Debug|x86.ActiveCfg = Debug|Any CPU
		{1C885497-03EA-49DE-B161-130AD1E3DCFC}.Debug|x86.Build.0 = Debug|Any CPU
		{1C885497-03EA-49DE-B161-130AD1E3DCFC}.Release|Any CPU.ActiveCfg = Release|Any CPU
		{1C885497-03EA-49DE-B161-130AD1E3DCFC}.Release|Any CPU.Build.0 = Release|Any CPU
		{1C885497-03EA-49DE-B161-130AD1E3DCFC}.Release|x64.ActiveCfg = Release|Any CPU
		{1C885497-03EA-49DE-B161-130AD1E3DCFC}.Release|x64.Build.0 = Release|Any CPU
		{1C885497-03EA-49DE-B161-130AD1E3DCFC}.Release|x86.ActiveCfg = Release|Any CPU
		{1C885497-03EA-49DE-B161-130AD1E3DCFC}.Release|x86.Build.0 = Release|Any CPU
		{F9115301-C4AA-446C-A12C-7BD867304A2C}.Debug|Any CPU.ActiveCfg = Debug|Any CPU
		{F9115301-C4AA-446C-A12C-7BD867304A2C}.Debug|Any CPU.Build.0 = Debug|Any CPU
		{F9115301-C4AA-446C-A12C-7BD867304A2C}.Debug|x64.ActiveCfg = Debug|Any CPU
		{F9115301-C4AA-446C-A12C-7BD867304A2C}.Debug|x64.Build.0 = Debug|Any CPU
		{F9115301-C4AA-446C-A12C-7BD867304A2C}.Debug|x86.ActiveCfg = Debug|Any CPU
		{F9115301-C4AA-446C-A12C-7BD867304A2C}.Debug|x86.Build.0 = Debug|Any CPU
		{F9115301-C4AA-446C-A12C-7BD867304A2C}.Release|Any CPU.ActiveCfg = Release|Any CPU
		{F9115301-C4AA-446C-A12C-7BD867304A2C}.Release|Any CPU.Build.0 = Release|Any CPU
		{F9115301-C4AA-446C-A12C-7BD867304A2C}.Release|x64.ActiveCfg = Release|Any CPU
		{F9115301-C4AA-446C-A12C-7BD867304A2C}.Release|x64.Build.0 = Release|Any CPU
		{F9115301-C4AA-446C-A12C-7BD867304A2C}.Release|x86.ActiveCfg = Release|Any CPU
		{F9115301-C4AA-446C-A12C-7BD867304A2C}.Release|x86.Build.0 = Release|Any CPU
		{0AD17735-E803-42BD-BFB0-459B797C1C36}.Debug|Any CPU.ActiveCfg = Debug|Any CPU
		{0AD17735-E803-42BD-BFB0-459B797C1C36}.Debug|Any CPU.Build.0 = Debug|Any CPU
		{0AD17735-E803-42BD-BFB0-459B797C1C36}.Debug|x64.ActiveCfg = Debug|Any CPU
		{0AD17735-E803-42BD-BFB0-459B797C1C36}.Debug|x64.Build.0 = Debug|Any CPU
		{0AD17735-E803-42BD-BFB0-459B797C1C36}.Debug|x86.ActiveCfg = Debug|Any CPU
		{0AD17735-E803-42BD-BFB0-459B797C1C36}.Debug|x86.Build.0 = Debug|Any CPU
		{0AD17735-E803-42BD-BFB0-459B797C1C36}.Release|Any CPU.ActiveCfg = Release|Any CPU
		{0AD17735-E803-42BD-BFB0-459B797C1C36}.Release|Any CPU.Build.0 = Release|Any CPU
		{0AD17735-E803-42BD-BFB0-459B797C1C36}.Release|x64.ActiveCfg = Release|Any CPU
		{0AD17735-E803-42BD-BFB0-459B797C1C36}.Release|x64.Build.0 = Release|Any CPU
		{0AD17735-E803-42BD-BFB0-459B797C1C36}.Release|x86.ActiveCfg = Release|Any CPU
		{0AD17735-E803-42BD-BFB0-459B797C1C36}.Release|x86.Build.0 = Release|Any CPU
	EndGlobalSection
	GlobalSection(SolutionProperties) = preSolution
		HideSolutionNode = FALSE
	EndGlobalSection
	GlobalSection(ExtensibilityGlobals) = postSolution
		SolutionGuid = {662D845B-A282-4228-A4A3-30A97E1AFD86}
	EndGlobalSection
EndGlobal
