
Microsoft Visual Studio Solution File, Format Version 12.00
# Visual Studio Version 16
VisualStudioVersion = 16.0.30709.132
MinimumVisualStudioVersion = 15.0.26124.0
Project("{2150E333-8FDC-42A3-9474-1A3956D46DE8}") = "Client", "Client", "{77FF9336-EBF8-4A28-BF9D-02DDE2682750}"
EndProject
Project("{9A19103F-16F7-4668-BE54-9A1E7A4F7556}") = "RetroLauncher.Desktop", "Client\RetroLauncher.Desktop\RetroLauncher.Desktop.csproj", "{ED5782FE-776A-4B74-A1B1-CA04AF493D8C}"
EndProject
Project("{9A19103F-16F7-4668-BE54-9A1E7A4F7556}") = "RetroLauncher.Client", "Client\RetroLauncher.Client\RetroLauncher.Client.csproj", "{A49B63F7-8A89-45D6-893F-921966D503D6}"
EndProject
Project("{2150E333-8FDC-42A3-9474-1A3956D46DE8}") = "WebApi", "WebApi", "{5A816148-00B2-4389-B381-35C5621B8381}"
EndProject
Project("{9A19103F-16F7-4668-BE54-9A1E7A4F7556}") = "Persistence", "WebApi\Persistence\Persistence.csproj", "{84968851-8F06-439F-93C7-8BEEB5BEA74A}"
EndProject
Project("{9A19103F-16F7-4668-BE54-9A1E7A4F7556}") = "Domain", "WebApi\Domain\Domain.csproj", "{E2B5EC85-C67A-4860-A6F0-E833CDB95F1F}"
EndProject
Project("{9A19103F-16F7-4668-BE54-9A1E7A4F7556}") = "Application", "WebApi\Application\Application.csproj", "{7E5F8776-F087-4282-8321-4813F8DBCBA0}"
EndProject
Project("{9A19103F-16F7-4668-BE54-9A1E7A4F7556}") = "RetroLauncher.WebAPI", "WebApi\RetroLauncher.WebAPI\RetroLauncher.WebAPI.csproj", "{884D4B4D-2E2B-43FC-B726-95CFEC15663D}"
EndProject
Project("{FAE04EC0-301F-11D3-BF4B-00C04F79EFBC}") = "WebApiTest", "WebApiTest\WebApiTest.csproj", "{05B08CBA-1B0F-4CDF-A5E7-4F48CE2B2B72}"
EndProject
Global
	GlobalSection(SolutionConfigurationPlatforms) = preSolution
		Debug|Any CPU = Debug|Any CPU
		Debug|x64 = Debug|x64
		Debug|x86 = Debug|x86
		Release|Any CPU = Release|Any CPU
		Release|x64 = Release|x64
		Release|x86 = Release|x86
	EndGlobalSection
	GlobalSection(ProjectConfigurationPlatforms) = postSolution
		{ED5782FE-776A-4B74-A1B1-CA04AF493D8C}.Debug|Any CPU.ActiveCfg = Debug|Any CPU
		{ED5782FE-776A-4B74-A1B1-CA04AF493D8C}.Debug|Any CPU.Build.0 = Debug|Any CPU
		{ED5782FE-776A-4B74-A1B1-CA04AF493D8C}.Debug|x64.ActiveCfg = Debug|Any CPU
		{ED5782FE-776A-4B74-A1B1-CA04AF493D8C}.Debug|x64.Build.0 = Debug|Any CPU
		{ED5782FE-776A-4B74-A1B1-CA04AF493D8C}.Debug|x86.ActiveCfg = Debug|Any CPU
		{ED5782FE-776A-4B74-A1B1-CA04AF493D8C}.Debug|x86.Build.0 = Debug|Any CPU
		{ED5782FE-776A-4B74-A1B1-CA04AF493D8C}.Release|Any CPU.ActiveCfg = Release|Any CPU
		{ED5782FE-776A-4B74-A1B1-CA04AF493D8C}.Release|Any CPU.Build.0 = Release|Any CPU
		{ED5782FE-776A-4B74-A1B1-CA04AF493D8C}.Release|x64.ActiveCfg = Release|Any CPU
		{ED5782FE-776A-4B74-A1B1-CA04AF493D8C}.Release|x64.Build.0 = Release|Any CPU
		{ED5782FE-776A-4B74-A1B1-CA04AF493D8C}.Release|x86.ActiveCfg = Release|Any CPU
		{ED5782FE-776A-4B74-A1B1-CA04AF493D8C}.Release|x86.Build.0 = Release|Any CPU
		{A49B63F7-8A89-45D6-893F-921966D503D6}.Debug|Any CPU.ActiveCfg = Debug|Any CPU
		{A49B63F7-8A89-45D6-893F-921966D503D6}.Debug|Any CPU.Build.0 = Debug|Any CPU
		{A49B63F7-8A89-45D6-893F-921966D503D6}.Debug|x64.ActiveCfg = Debug|Any CPU
		{A49B63F7-8A89-45D6-893F-921966D503D6}.Debug|x64.Build.0 = Debug|Any CPU
		{A49B63F7-8A89-45D6-893F-921966D503D6}.Debug|x86.ActiveCfg = Debug|Any CPU
		{A49B63F7-8A89-45D6-893F-921966D503D6}.Debug|x86.Build.0 = Debug|Any CPU
		{A49B63F7-8A89-45D6-893F-921966D503D6}.Release|Any CPU.ActiveCfg = Release|Any CPU
		{A49B63F7-8A89-45D6-893F-921966D503D6}.Release|Any CPU.Build.0 = Release|Any CPU
		{A49B63F7-8A89-45D6-893F-921966D503D6}.Release|x64.ActiveCfg = Release|Any CPU
		{A49B63F7-8A89-45D6-893F-921966D503D6}.Release|x64.Build.0 = Release|Any CPU
		{A49B63F7-8A89-45D6-893F-921966D503D6}.Release|x86.ActiveCfg = Release|Any CPU
		{A49B63F7-8A89-45D6-893F-921966D503D6}.Release|x86.Build.0 = Release|Any CPU
		{84968851-8F06-439F-93C7-8BEEB5BEA74A}.Debug|Any CPU.ActiveCfg = Debug|Any CPU
		{84968851-8F06-439F-93C7-8BEEB5BEA74A}.Debug|Any CPU.Build.0 = Debug|Any CPU
		{84968851-8F06-439F-93C7-8BEEB5BEA74A}.Debug|x64.ActiveCfg = Debug|Any CPU
		{84968851-8F06-439F-93C7-8BEEB5BEA74A}.Debug|x64.Build.0 = Debug|Any CPU
		{84968851-8F06-439F-93C7-8BEEB5BEA74A}.Debug|x86.ActiveCfg = Debug|Any CPU
		{84968851-8F06-439F-93C7-8BEEB5BEA74A}.Debug|x86.Build.0 = Debug|Any CPU
		{84968851-8F06-439F-93C7-8BEEB5BEA74A}.Release|Any CPU.ActiveCfg = Release|Any CPU
		{84968851-8F06-439F-93C7-8BEEB5BEA74A}.Release|Any CPU.Build.0 = Release|Any CPU
		{84968851-8F06-439F-93C7-8BEEB5BEA74A}.Release|x64.ActiveCfg = Release|Any CPU
		{84968851-8F06-439F-93C7-8BEEB5BEA74A}.Release|x64.Build.0 = Release|Any CPU
		{84968851-8F06-439F-93C7-8BEEB5BEA74A}.Release|x86.ActiveCfg = Release|Any CPU
		{84968851-8F06-439F-93C7-8BEEB5BEA74A}.Release|x86.Build.0 = Release|Any CPU
		{E2B5EC85-C67A-4860-A6F0-E833CDB95F1F}.Debug|Any CPU.ActiveCfg = Debug|Any CPU
		{E2B5EC85-C67A-4860-A6F0-E833CDB95F1F}.Debug|Any CPU.Build.0 = Debug|Any CPU
		{E2B5EC85-C67A-4860-A6F0-E833CDB95F1F}.Debug|x64.ActiveCfg = Debug|Any CPU
		{E2B5EC85-C67A-4860-A6F0-E833CDB95F1F}.Debug|x64.Build.0 = Debug|Any CPU
		{E2B5EC85-C67A-4860-A6F0-E833CDB95F1F}.Debug|x86.ActiveCfg = Debug|Any CPU
		{E2B5EC85-C67A-4860-A6F0-E833CDB95F1F}.Debug|x86.Build.0 = Debug|Any CPU
		{E2B5EC85-C67A-4860-A6F0-E833CDB95F1F}.Release|Any CPU.ActiveCfg = Release|Any CPU
		{E2B5EC85-C67A-4860-A6F0-E833CDB95F1F}.Release|Any CPU.Build.0 = Release|Any CPU
		{E2B5EC85-C67A-4860-A6F0-E833CDB95F1F}.Release|x64.ActiveCfg = Release|Any CPU
		{E2B5EC85-C67A-4860-A6F0-E833CDB95F1F}.Release|x64.Build.0 = Release|Any CPU
		{E2B5EC85-C67A-4860-A6F0-E833CDB95F1F}.Release|x86.ActiveCfg = Release|Any CPU
		{E2B5EC85-C67A-4860-A6F0-E833CDB95F1F}.Release|x86.Build.0 = Release|Any CPU
		{7E5F8776-F087-4282-8321-4813F8DBCBA0}.Debug|Any CPU.ActiveCfg = Debug|Any CPU
		{7E5F8776-F087-4282-8321-4813F8DBCBA0}.Debug|Any CPU.Build.0 = Debug|Any CPU
		{7E5F8776-F087-4282-8321-4813F8DBCBA0}.Debug|x64.ActiveCfg = Debug|Any CPU
		{7E5F8776-F087-4282-8321-4813F8DBCBA0}.Debug|x64.Build.0 = Debug|Any CPU
		{7E5F8776-F087-4282-8321-4813F8DBCBA0}.Debug|x86.ActiveCfg = Debug|Any CPU
		{7E5F8776-F087-4282-8321-4813F8DBCBA0}.Debug|x86.Build.0 = Debug|Any CPU
		{7E5F8776-F087-4282-8321-4813F8DBCBA0}.Release|Any CPU.ActiveCfg = Release|Any CPU
		{7E5F8776-F087-4282-8321-4813F8DBCBA0}.Release|Any CPU.Build.0 = Release|Any CPU
		{7E5F8776-F087-4282-8321-4813F8DBCBA0}.Release|x64.ActiveCfg = Release|Any CPU
		{7E5F8776-F087-4282-8321-4813F8DBCBA0}.Release|x64.Build.0 = Release|Any CPU
		{7E5F8776-F087-4282-8321-4813F8DBCBA0}.Release|x86.ActiveCfg = Release|Any CPU
		{7E5F8776-F087-4282-8321-4813F8DBCBA0}.Release|x86.Build.0 = Release|Any CPU
		{884D4B4D-2E2B-43FC-B726-95CFEC15663D}.Debug|Any CPU.ActiveCfg = Debug|Any CPU
		{884D4B4D-2E2B-43FC-B726-95CFEC15663D}.Debug|Any CPU.Build.0 = Debug|Any CPU
		{884D4B4D-2E2B-43FC-B726-95CFEC15663D}.Debug|x64.ActiveCfg = Debug|Any CPU
		{884D4B4D-2E2B-43FC-B726-95CFEC15663D}.Debug|x64.Build.0 = Debug|Any CPU
		{884D4B4D-2E2B-43FC-B726-95CFEC15663D}.Debug|x86.ActiveCfg = Debug|Any CPU
		{884D4B4D-2E2B-43FC-B726-95CFEC15663D}.Debug|x86.Build.0 = Debug|Any CPU
		{884D4B4D-2E2B-43FC-B726-95CFEC15663D}.Release|Any CPU.ActiveCfg = Release|Any CPU
		{884D4B4D-2E2B-43FC-B726-95CFEC15663D}.Release|Any CPU.Build.0 = Release|Any CPU
		{884D4B4D-2E2B-43FC-B726-95CFEC15663D}.Release|x64.ActiveCfg = Release|Any CPU
		{884D4B4D-2E2B-43FC-B726-95CFEC15663D}.Release|x64.Build.0 = Release|Any CPU
		{884D4B4D-2E2B-43FC-B726-95CFEC15663D}.Release|x86.ActiveCfg = Release|Any CPU
		{884D4B4D-2E2B-43FC-B726-95CFEC15663D}.Release|x86.Build.0 = Release|Any CPU
		{05B08CBA-1B0F-4CDF-A5E7-4F48CE2B2B72}.Debug|Any CPU.ActiveCfg = Debug|Any CPU
		{05B08CBA-1B0F-4CDF-A5E7-4F48CE2B2B72}.Debug|Any CPU.Build.0 = Debug|Any CPU
		{05B08CBA-1B0F-4CDF-A5E7-4F48CE2B2B72}.Debug|x64.ActiveCfg = Debug|Any CPU
		{05B08CBA-1B0F-4CDF-A5E7-4F48CE2B2B72}.Debug|x64.Build.0 = Debug|Any CPU
		{05B08CBA-1B0F-4CDF-A5E7-4F48CE2B2B72}.Debug|x86.ActiveCfg = Debug|Any CPU
		{05B08CBA-1B0F-4CDF-A5E7-4F48CE2B2B72}.Debug|x86.Build.0 = Debug|Any CPU
		{05B08CBA-1B0F-4CDF-A5E7-4F48CE2B2B72}.Release|Any CPU.ActiveCfg = Release|Any CPU
		{05B08CBA-1B0F-4CDF-A5E7-4F48CE2B2B72}.Release|Any CPU.Build.0 = Release|Any CPU
		{05B08CBA-1B0F-4CDF-A5E7-4F48CE2B2B72}.Release|x64.ActiveCfg = Release|Any CPU
		{05B08CBA-1B0F-4CDF-A5E7-4F48CE2B2B72}.Release|x64.Build.0 = Release|Any CPU
		{05B08CBA-1B0F-4CDF-A5E7-4F48CE2B2B72}.Release|x86.ActiveCfg = Release|Any CPU
		{05B08CBA-1B0F-4CDF-A5E7-4F48CE2B2B72}.Release|x86.Build.0 = Release|Any CPU
	EndGlobalSection
	GlobalSection(SolutionProperties) = preSolution
		HideSolutionNode = FALSE
	EndGlobalSection
	GlobalSection(NestedProjects) = preSolution
		{ED5782FE-776A-4B74-A1B1-CA04AF493D8C} = {77FF9336-EBF8-4A28-BF9D-02DDE2682750}
		{A49B63F7-8A89-45D6-893F-921966D503D6} = {77FF9336-EBF8-4A28-BF9D-02DDE2682750}
		{84968851-8F06-439F-93C7-8BEEB5BEA74A} = {5A816148-00B2-4389-B381-35C5621B8381}
		{E2B5EC85-C67A-4860-A6F0-E833CDB95F1F} = {5A816148-00B2-4389-B381-35C5621B8381}
		{7E5F8776-F087-4282-8321-4813F8DBCBA0} = {5A816148-00B2-4389-B381-35C5621B8381}
		{884D4B4D-2E2B-43FC-B726-95CFEC15663D} = {5A816148-00B2-4389-B381-35C5621B8381}
		{05B08CBA-1B0F-4CDF-A5E7-4F48CE2B2B72} = {5A816148-00B2-4389-B381-35C5621B8381}
	EndGlobalSection
	GlobalSection(ExtensibilityGlobals) = postSolution
		SolutionGuid = {FB61EEA4-465E-49E5-957D-C8BDF4788800}
	EndGlobalSection
EndGlobal
